<?xml version="1.0" encoding="utf-8"?>
<Project ToolsVersion="4.0" xmlns="http://schemas.microsoft.com/developer/msbuild/2003">
  <ItemGroup>
    <Filter Include="소스 파일">
      <UniqueIdentifier>{4FC737F1-C7A5-4376-A066-2A32D752A2FF}</UniqueIdentifier>
      <Extensions>cpp;c;cc;cxx;def;odl;idl;hpj;bat;asm;asmx</Extensions>
    </Filter>
    <Filter Include="헤더 파일">
      <UniqueIdentifier>{93995380-89BD-4b04-88EB-625FBE52EBFB}</UniqueIdentifier>
      <Extensions>h;hh;hpp;hxx;hm;inl;inc;xsd</Extensions>
    </Filter>
    <Filter Include="리소스 파일">
      <UniqueIdentifier>{67DA6AB6-F800-4c08-8B7A-83BB121AAD01}</UniqueIdentifier>
      <Extensions>rc;ico;cur;bmp;dlg;rc2;rct;bin;rgs;gif;jpg;jpeg;jpe;resx;tiff;tif;png;wav;mfcribbon-ms</Extensions>
    </Filter>
    <Filter Include="Utility">
      <UniqueIdentifier>{1e932d69-f4ab-46c9-8f88-0fa6ff42fdab}</UniqueIdentifier>
    </Filter>
    <Filter Include="Container">
      <UniqueIdentifier>{99a4c34e-19c9-43d0-aa87-03ecd8330d6d}</UniqueIdentifier>
    </Filter>
    <Filter Include="Common">
      <UniqueIdentifier>{e92f76fa-937c-4d6f-8a6a-0275e04d7a35}</UniqueIdentifier>
    </Filter>
  </ItemGroup>
  <ItemGroup>
    <ClCompile Include="IocpServer.cpp">
      <Filter>소스 파일</Filter>
    </ClCompile>
    <ClCompile Include="Connection.cpp">
      <Filter>소스 파일</Filter>
    </ClCompile>
    <ClCompile Include="Log.cpp">
      <Filter>소스 파일</Filter>
    </ClCompile>
    <ClCompile Include="Monitor.cpp">
      <Filter>소스 파일</Filter>
    </ClCompile>
    <ClCompile Include="RingBuffer.cpp">
      <Filter>소스 파일</Filter>
    </ClCompile>
    <ClCompile Include="Serializer.cpp">
      <Filter>소스 파일</Filter>
    </ClCompile>
    <ClCompile Include="Singleton.cpp">
      <Filter>소스 파일</Filter>
    </ClCompile>
    <ClCompile Include="Thread.cpp">
      <Filter>소스 파일</Filter>
    </ClCompile>
    <ClCompile Include="Utility\MemoryLeak.cpp">
      <Filter>Utility</Filter>
    </ClCompile>
    <ClCompile Include="Utility\LFH.cpp">
      <Filter>Utility</Filter>
    </ClCompile>
    <ClCompile Include="Utility\MinidumpHelp.cpp">
      <Filter>Utility</Filter>
    </ClCompile>
    <ClCompile Include="Utility\Monitoring.cpp">
      <Filter>Utility</Filter>
    </ClCompile>
    <ClCompile Include="Utility\Clock.cpp">
      <Filter>Utility</Filter>
    </ClCompile>
    <ClCompile Include="Utility\SHA512.cpp">
      <Filter>Utility</Filter>
    </ClCompile>
    <ClCompile Include="Utility\DllThreadLocal.cpp">
      <Filter>Utility</Filter>
    </ClCompile>
    <ClCompile Include="RSA.cpp">
      <Filter>Utility</Filter>
    </ClCompile>
  </ItemGroup>
  <ItemGroup>
    <ClInclude Include="Serializer.h">
      <Filter>헤더 파일</Filter>
    </ClInclude>
    <ClInclude Include="RingBuffer.h">
      <Filter>헤더 파일</Filter>
    </ClInclude>
    <ClInclude Include="Monitor.h">
      <Filter>헤더 파일</Filter>
    </ClInclude>
    <ClInclude Include="Log.h">
      <Filter>헤더 파일</Filter>
    </ClInclude>
    <ClInclude Include="IocpServer.h">
      <Filter>헤더 파일</Filter>
    </ClInclude>
    <ClInclude Include="Connection.h">
      <Filter>헤더 파일</Filter>
    </ClInclude>
    <ClInclude Include="Thread.h">
      <Filter>헤더 파일</Filter>
    </ClInclude>
    <ClInclude Include="Singleton.h">
      <Filter>헤더 파일</Filter>
    </ClInclude>
    <ClInclude Include="Utility\MemoryLeak.h">
      <Filter>Utility</Filter>
    </ClInclude>
    <ClInclude Include="Utility\LFH.h">
      <Filter>Utility</Filter>
    </ClInclude>
    <ClInclude Include="Utility\MinidumpHelp.h">
      <Filter>Utility</Filter>
    </ClInclude>
    <ClInclude Include="Utility\Monitoring.h">
      <Filter>Utility</Filter>
    </ClInclude>
    <ClInclude Include="Utility\SingletonIn.h">
      <Filter>Utility</Filter>
    </ClInclude>
    <ClInclude Include="Container\MPMCQueue.h">
      <Filter>Container</Filter>
    </ClInclude>
    <ClInclude Include="Container\Queue.h">
      <Filter>Container</Filter>
    </ClInclude>
    <ClInclude Include="Container\MPMCStack.h">
      <Filter>Container</Filter>
    </ClInclude>
    <ClInclude Include="CommonDef.h">
      <Filter>Common</Filter>
    </ClInclude>
    <ClInclude Include="PreCompile.h">
      <Filter>Common</Filter>
    </ClInclude>
    <ClInclude Include="Utility\Clock.h">
      <Filter>Utility</Filter>
    </ClInclude>
    <ClInclude Include="Utility\SHA512.h">
      <Filter>Utility</Filter>
    </ClInclude>
    <ClInclude Include="Container\MPSCQueue.h">
      <Filter>Container</Filter>
    </ClInclude>
    <ClInclude Include="Container\List.h">
      <Filter>Container</Filter>
    </ClInclude>
    <ClInclude Include="Vector.h">
      <Filter>Common</Filter>
    </ClInclude>
    <ClInclude Include="Container\ObjectPool.h">
      <Filter>Container</Filter>
    </ClInclude>
    <ClInclude Include="Utility\DllThreadLocal.h">
      <Filter>Utility</Filter>
    </ClInclude>
    <ClInclude Include="RSA.h">
      <Filter>Utility</Filter>
    </ClInclude>
  </ItemGroup>
</Project>